// !$*UTF8*$!
{
	archiveVersion = 1;
	classes = {
	};
	objectVersion = 50;
	objects = {

/* Begin PBXBuildFile section */
		224893BC24F9B87F0064F60B /* movies.json in Resources */ = {isa = PBXBuildFile; fileRef = 224893BB24F9B87F0064F60B /* movies.json */; };
		224893CD24F9D1CF0064F60B /* MoviesTableViewController.swift in Sources */ = {isa = PBXBuildFile; fileRef = 224893CC24F9D1CF0064F60B /* MoviesTableViewController.swift */; };
		22CBBCF624FA8290006F7E2F /* MovieTableViewCell.swift in Sources */ = {isa = PBXBuildFile; fileRef = 22CBBCF524FA8290006F7E2F /* MovieTableViewCell.swift */; };
		22CBBCF824FA94F0006F7E2F /* MoviesManager.swift in Sources */ = {isa = PBXBuildFile; fileRef = 22CBBCF724FA94F0006F7E2F /* MoviesManager.swift */; };
		22CBBD1E24FAA586006F7E2F /* MoviesLib.xcdatamodeld in Sources */ = {isa = PBXBuildFile; fileRef = 22CBBD1C24FAA586006F7E2F /* MoviesLib.xcdatamodeld */; };
		22CBBD2124FAB4D5006F7E2F /* Movie+Formatting.swift in Sources */ = {isa = PBXBuildFile; fileRef = 22CBBD2024FAB4D5006F7E2F /* Movie+Formatting.swift */; };
		22CBBD2324FABE38006F7E2F /* UIViewController+Context.swift in Sources */ = {isa = PBXBuildFile; fileRef = 22CBBD2224FABE38006F7E2F /* UIViewController+Context.swift */; };
		22CBBD2924FAD8A5006F7E2F /* MovieFormViewController.swift in Sources */ = {isa = PBXBuildFile; fileRef = 22CBBD2824FAD8A5006F7E2F /* MovieFormViewController.swift */; };
		22E039A324FDD1B700F2F7C3 /* Container.storyboard in Resources */ = {isa = PBXBuildFile; fileRef = 22E039A224FDD1B700F2F7C3 /* Container.storyboard */; };
		22EF1FA624F7172800DE3A53 /* AppDelegate.swift in Sources */ = {isa = PBXBuildFile; fileRef = 22EF1FA524F7172800DE3A53 /* AppDelegate.swift */; };
		22EF1FAA24F7172800DE3A53 /* MovieVisualizationViewController.swift in Sources */ = {isa = PBXBuildFile; fileRef = 22EF1FA924F7172800DE3A53 /* MovieVisualizationViewController.swift */; };
		22EF1FAD24F7172800DE3A53 /* Main.storyboard in Resources */ = {isa = PBXBuildFile; fileRef = 22EF1FAB24F7172800DE3A53 /* Main.storyboard */; };
		22EF1FAF24F7172900DE3A53 /* Assets.xcassets in Resources */ = {isa = PBXBuildFile; fileRef = 22EF1FAE24F7172900DE3A53 /* Assets.xcassets */; };
		22EF1FB224F7172900DE3A53 /* LaunchScreen.storyboard in Resources */ = {isa = PBXBuildFile; fileRef = 22EF1FB024F7172900DE3A53 /* LaunchScreen.storyboard */; };
/* End PBXBuildFile section */

/* Begin PBXFileReference section */
		224893BB24F9B87F0064F60B /* movies.json */ = {isa = PBXFileReference; fileEncoding = 4; lastKnownFileType = text.json; path = movies.json; sourceTree = "<group>"; };
		224893CC24F9D1CF0064F60B /* MoviesTableViewController.swift */ = {isa = PBXFileReference; lastKnownFileType = sourcecode.swift; path = MoviesTableViewController.swift; sourceTree = "<group>"; };
		22CBBCF524FA8290006F7E2F /* MovieTableViewCell.swift */ = {isa = PBXFileReference; lastKnownFileType = sourcecode.swift; path = MovieTableViewCell.swift; sourceTree = "<group>"; };
		22CBBCF724FA94F0006F7E2F /* MoviesManager.swift */ = {isa = PBXFileReference; lastKnownFileType = sourcecode.swift; path = MoviesManager.swift; sourceTree = "<group>"; };
		22CBBD1D24FAA586006F7E2F /* MoviesLib.xcdatamodel */ = {isa = PBXFileReference; lastKnownFileType = wrapper.xcdatamodel; path = MoviesLib.xcdatamodel; sourceTree = "<group>"; };
		22CBBD2024FAB4D5006F7E2F /* Movie+Formatting.swift */ = {isa = PBXFileReference; lastKnownFileType = sourcecode.swift; path = "Movie+Formatting.swift"; sourceTree = "<group>"; };
		22CBBD2224FABE38006F7E2F /* UIViewController+Context.swift */ = {isa = PBXFileReference; lastKnownFileType = sourcecode.swift; path = "UIViewController+Context.swift"; sourceTree = "<group>"; };
		22CBBD2824FAD8A5006F7E2F /* MovieFormViewController.swift */ = {isa = PBXFileReference; lastKnownFileType = sourcecode.swift; path = MovieFormViewController.swift; sourceTree = "<group>"; };
		22E039A224FDD1B700F2F7C3 /* Container.storyboard */ = {isa = PBXFileReference; fileEncoding = 4; lastKnownFileType = file.storyboard; path = Container.storyboard; sourceTree = "<group>"; };
		22EF1FA224F7172800DE3A53 /* MoviesLib.app */ = {isa = PBXFileReference; explicitFileType = wrapper.application; includeInIndex = 0; path = MoviesLib.app; sourceTree = BUILT_PRODUCTS_DIR; };
		22EF1FA524F7172800DE3A53 /* AppDelegate.swift */ = {isa = PBXFileReference; lastKnownFileType = sourcecode.swift; path = AppDelegate.swift; sourceTree = "<group>"; };
		22EF1FA924F7172800DE3A53 /* MovieVisualizationViewController.swift */ = {isa = PBXFileReference; lastKnownFileType = sourcecode.swift; path = MovieVisualizationViewController.swift; sourceTree = "<group>"; };
		22EF1FAC24F7172800DE3A53 /* Base */ = {isa = PBXFileReference; lastKnownFileType = file.storyboard; name = Base; path = Base.lproj/Main.storyboard; sourceTree = "<group>"; };
		22EF1FAE24F7172900DE3A53 /* Assets.xcassets */ = {isa = PBXFileReference; lastKnownFileType = folder.assetcatalog; path = Assets.xcassets; sourceTree = "<group>"; };
		22EF1FB124F7172900DE3A53 /* Base */ = {isa = PBXFileReference; lastKnownFileType = file.storyboard; name = Base; path = Base.lproj/LaunchScreen.storyboard; sourceTree = "<group>"; };
		22EF1FB324F7172900DE3A53 /* Info.plist */ = {isa = PBXFileReference; lastKnownFileType = text.plist.xml; path = Info.plist; sourceTree = "<group>"; };
/* End PBXFileReference section */

/* Begin PBXFrameworksBuildPhase section */
		22EF1F9F24F7172800DE3A53 /* Frameworks */ = {
			isa = PBXFrameworksBuildPhase;
			buildActionMask = 2147483647;
			files = (
			);
			runOnlyForDeploymentPostprocessing = 0;
		};
/* End PBXFrameworksBuildPhase section */

/* Begin PBXGroup section */
		224893BD24F9B8CC0064F60B /* Models */ = {
			isa = PBXGroup;
			children = (
			);
			path = Models;
			sourceTree = "<group>";
		};
		224893BE24F9B8D20064F60B /* Views */ = {
			isa = PBXGroup;
			children = (
			);
			path = Views;
			sourceTree = "<group>";
		};
		224893BF24F9B8D90064F60B /* Controllers */ = {
			isa = PBXGroup;
			children = (
				22EF1FA924F7172800DE3A53 /* MovieVisualizationViewController.swift */,
			);
			path = Controllers;
			sourceTree = "<group>";
		};
		224893C024F9B90B0064F60B /* MovieVisualization */ = {
			isa = PBXGroup;
			children = (
				224893BD24F9B8CC0064F60B /* Models */,
				224893BE24F9B8D20064F60B /* Views */,
				224893BF24F9B8D90064F60B /* Controllers */,
			);
			path = MovieVisualization;
			sourceTree = "<group>";
		};
		224893C224F9BA420064F60B /* Main */ = {
			isa = PBXGroup;
			children = (
				22EF1FA524F7172800DE3A53 /* AppDelegate.swift */,
			);
			path = Main;
			sourceTree = "<group>";
		};
		224893C324F9BA540064F60B /* Files */ = {
			isa = PBXGroup;
			children = (
				224893C424F9BA5C0064F60B /* JSON */,
				22CBBD1C24FAA586006F7E2F /* MoviesLib.xcdatamodeld */,
			);
			path = Files;
			sourceTree = "<group>";
		};
		224893C424F9BA5C0064F60B /* JSON */ = {
			isa = PBXGroup;
			children = (
				224893BB24F9B87F0064F60B /* movies.json */,
			);
			path = JSON;
			sourceTree = "<group>";
		};
		224893C524F9BAB90064F60B /* Shared */ = {
			isa = PBXGroup;
			children = (
			);
			path = Shared;
			sourceTree = "<group>";
		};
		224893C824F9D1830064F60B /* MovieListing */ = {
			isa = PBXGroup;
			children = (
				224893C924F9D18F0064F60B /* Models */,
				224893CA24F9D1940064F60B /* Views */,
				224893CB24F9D1980064F60B /* Controllers */,
			);
			path = MovieListing;
			sourceTree = "<group>";
		};
		224893C924F9D18F0064F60B /* Models */ = {
			isa = PBXGroup;
			children = (
				22CBBCF724FA94F0006F7E2F /* MoviesManager.swift */,
			);
			path = Models;
			sourceTree = "<group>";
		};
		224893CA24F9D1940064F60B /* Views */ = {
			isa = PBXGroup;
			children = (
				22CBBCF524FA8290006F7E2F /* MovieTableViewCell.swift */,
			);
			path = Views;
			sourceTree = "<group>";
		};
		224893CB24F9D1980064F60B /* Controllers */ = {
			isa = PBXGroup;
			children = (
				224893CC24F9D1CF0064F60B /* MoviesTableViewController.swift */,
			);
			path = Controllers;
			sourceTree = "<group>";
		};
		22CBBD1F24FAB482006F7E2F /* Extensions */ = {
			isa = PBXGroup;
			children = (
				22CBBD2024FAB4D5006F7E2F /* Movie+Formatting.swift */,
				22CBBD2224FABE38006F7E2F /* UIViewController+Context.swift */,
			);
			path = Extensions;
			sourceTree = "<group>";
		};
		22CBBD2424FAD82B006F7E2F /* MovieForm */ = {
			isa = PBXGroup;
			children = (
				22CBBD2524FAD87E006F7E2F /* Models */,
				22CBBD2624FAD88A006F7E2F /* Views */,
				22CBBD2724FAD88E006F7E2F /* Controllers */,
			);
			path = MovieForm;
			sourceTree = "<group>";
		};
		22CBBD2524FAD87E006F7E2F /* Models */ = {
			isa = PBXGroup;
			children = (
			);
			path = Models;
			sourceTree = "<group>";
		};
		22CBBD2624FAD88A006F7E2F /* Views */ = {
			isa = PBXGroup;
			children = (
				22E039A224FDD1B700F2F7C3 /* Container.storyboard */,
			);
			path = Views;
			sourceTree = "<group>";
		};
		22CBBD2724FAD88E006F7E2F /* Controllers */ = {
			isa = PBXGroup;
			children = (
				22CBBD2824FAD8A5006F7E2F /* MovieFormViewController.swift */,
			);
			path = Controllers;
			sourceTree = "<group>";
		};
		22EF1F9924F7172800DE3A53 = {
			isa = PBXGroup;
			children = (
				22EF1FA424F7172800DE3A53 /* MoviesLib */,
				22EF1FA324F7172800DE3A53 /* Products */,
			);
			sourceTree = "<group>";
		};
		22EF1FA324F7172800DE3A53 /* Products */ = {
			isa = PBXGroup;
			children = (
				22EF1FA224F7172800DE3A53 /* MoviesLib.app */,
			);
			name = Products;
			sourceTree = "<group>";
		};
		22EF1FA424F7172800DE3A53 /* MoviesLib */ = {
			isa = PBXGroup;
			children = (
				22CBBD2424FAD82B006F7E2F /* MovieForm */,
				224893C224F9BA420064F60B /* Main */,
				224893C824F9D1830064F60B /* MovieListing */,
				224893C024F9B90B0064F60B /* MovieVisualization */,
				224893C324F9BA540064F60B /* Files */,
				224893C524F9BAB90064F60B /* Shared */,
				22CBBD1F24FAB482006F7E2F /* Extensions */,
				22EF1FAB24F7172800DE3A53 /* Main.storyboard */,
				22EF1FAE24F7172900DE3A53 /* Assets.xcassets */,
				22EF1FB024F7172900DE3A53 /* LaunchScreen.storyboard */,
				22EF1FB324F7172900DE3A53 /* Info.plist */,
			);
			path = MoviesLib;
			sourceTree = "<group>";
		};
/* End PBXGroup section */

/* Begin PBXNativeTarget section */
		22EF1FA124F7172800DE3A53 /* MoviesLib */ = {
			isa = PBXNativeTarget;
			buildConfigurationList = 22EF1FB624F7172900DE3A53 /* Build configuration list for PBXNativeTarget "MoviesLib" */;
			buildPhases = (
				22EF1F9E24F7172800DE3A53 /* Sources */,
				22EF1F9F24F7172800DE3A53 /* Frameworks */,
				22EF1FA024F7172800DE3A53 /* Resources */,
			);
			buildRules = (
			);
			dependencies = (
			);
			name = MoviesLib;
			productName = MoviesLib;
			productReference = 22EF1FA224F7172800DE3A53 /* MoviesLib.app */;
			productType = "com.apple.product-type.application";
		};
/* End PBXNativeTarget section */

/* Begin PBXProject section */
		22EF1F9A24F7172800DE3A53 /* Project object */ = {
			isa = PBXProject;
			attributes = {
				LastSwiftUpdateCheck = 1160;
				LastUpgradeCheck = 1160;
				ORGANIZATIONNAME = DevBoost;
				TargetAttributes = {
					22EF1FA124F7172800DE3A53 = {
						CreatedOnToolsVersion = 11.6;
					};
				};
			};
			buildConfigurationList = 22EF1F9D24F7172800DE3A53 /* Build configuration list for PBXProject "MoviesLib" */;
			compatibilityVersion = "Xcode 9.3";
			developmentRegion = en;
			hasScannedForEncodings = 0;
			knownRegions = (
				en,
				Base,
			);
			mainGroup = 22EF1F9924F7172800DE3A53;
			productRefGroup = 22EF1FA324F7172800DE3A53 /* Products */;
			projectDirPath = "";
			projectRoot = "";
			targets = (
				22EF1FA124F7172800DE3A53 /* MoviesLib */,
			);
		};
/* End PBXProject section */

/* Begin PBXResourcesBuildPhase section */
		22EF1FA024F7172800DE3A53 /* Resources */ = {
			isa = PBXResourcesBuildPhase;
			buildActionMask = 2147483647;
			files = (
				22EF1FB224F7172900DE3A53 /* LaunchScreen.storyboard in Resources */,
				22E039A324FDD1B700F2F7C3 /* Container.storyboard in Resources */,
				22EF1FAF24F7172900DE3A53 /* Assets.xcassets in Resources */,
				224893BC24F9B87F0064F60B /* movies.json in Resources */,
				22EF1FAD24F7172800DE3A53 /* Main.storyboard in Resources */,
			);
			runOnlyForDeploymentPostprocessing = 0;
		};
/* End PBXResourcesBuildPhase section */

/* Begin PBXSourcesBuildPhase section */
		22EF1F9E24F7172800DE3A53 /* Sources */ = {
			isa = PBXSourcesBuildPhase;
			buildActionMask = 2147483647;
			files = (
				22CBBD1E24FAA586006F7E2F /* MoviesLib.xcdatamodeld in Sources */,
				22CBBCF624FA8290006F7E2F /* MovieTableViewCell.swift in Sources */,
				224893CD24F9D1CF0064F60B /* MoviesTableViewController.swift in Sources */,
				22EF1FAA24F7172800DE3A53 /* MovieVisualizationViewController.swift in Sources */,
				22EF1FA624F7172800DE3A53 /* AppDelegate.swift in Sources */,
				22CBBCF824FA94F0006F7E2F /* MoviesManager.swift in Sources */,
				22CBBD2324FABE38006F7E2F /* UIViewController+Context.swift in Sources */,
				22CBBD2124FAB4D5006F7E2F /* Movie+Formatting.swift in Sources */,
				22CBBD2924FAD8A5006F7E2F /* MovieFormViewController.swift in Sources */,
			);
			runOnlyForDeploymentPostprocessing = 0;
		};
/* End PBXSourcesBuildPhase section */

/* Begin PBXVariantGroup section */
		22EF1FAB24F7172800DE3A53 /* Main.storyboard */ = {
			isa = PBXVariantGroup;
			children = (
				22EF1FAC24F7172800DE3A53 /* Base */,
			);
			name = Main.storyboard;
			sourceTree = "<group>";
		};
		22EF1FB024F7172900DE3A53 /* LaunchScreen.storyboard */ = {
			isa = PBXVariantGroup;
			children = (
				22EF1FB124F7172900DE3A53 /* Base */,
			);
			name = LaunchScreen.storyboard;
			sourceTree = "<group>";
		};
/* End PBXVariantGroup section */

/* Begin XCBuildConfiguration section */
		22EF1FB424F7172900DE3A53 /* Debug */ = {
			isa = XCBuildConfiguration;
			buildSettings = {
				ALWAYS_SEARCH_USER_PATHS = NO;
				CLANG_ANALYZER_NONNULL = YES;
				CLANG_ANALYZER_NUMBER_OBJECT_CONVERSION = YES_AGGRESSIVE;
				CLANG_CXX_LANGUAGE_STANDARD = "gnu++14";
				CLANG_CXX_LIBRARY = "libc++";
				CLANG_ENABLE_MODULES = YES;
				CLANG_ENABLE_OBJC_ARC = YES;
				CLANG_ENABLE_OBJC_WEAK = YES;
				CLANG_WARN_BLOCK_CAPTURE_AUTORELEASING = YES;
				CLANG_WARN_BOOL_CONVERSION = YES;
				CLANG_WARN_COMMA = YES;
				CLANG_WARN_CONSTANT_CONVERSION = YES;
				CLANG_WARN_DEPRECATED_OBJC_IMPLEMENTATIONS = YES;
				CLANG_WARN_DIRECT_OBJC_ISA_USAGE = YES_ERROR;
				CLANG_WARN_DOCUMENTATION_COMMENTS = YES;
				CLANG_WARN_EMPTY_BODY = YES;
				CLANG_WARN_ENUM_CONVERSION = YES;
				CLANG_WARN_INFINITE_RECURSION = YES;
				CLANG_WARN_INT_CONVERSION = YES;
				CLANG_WARN_NON_LITERAL_NULL_CONVERSION = YES;
				CLANG_WARN_OBJC_IMPLICIT_RETAIN_SELF = YES;
				CLANG_WARN_OBJC_LITERAL_CONVERSION = YES;
				CLANG_WARN_OBJC_ROOT_CLASS = YES_ERROR;
				CLANG_WARN_RANGE_LOOP_ANALYSIS = YES;
				CLANG_WARN_STRICT_PROTOTYPES = YES;
				CLANG_WARN_SUSPICIOUS_MOVE = YES;
				CLANG_WARN_UNGUARDED_AVAILABILITY = YES_AGGRESSIVE;
				CLANG_WARN_UNREACHABLE_CODE = YES;
				CLANG_WARN__DUPLICATE_METHOD_MATCH = YES;
				COPY_PHASE_STRIP = NO;
				DEBUG_INFORMATION_FORMAT = dwarf;
				ENABLE_STRICT_OBJC_MSGSEND = YES;
				ENABLE_TESTABILITY = YES;
				GCC_C_LANGUAGE_STANDARD = gnu11;
				GCC_DYNAMIC_NO_PIC = NO;
				GCC_NO_COMMON_BLOCKS = YES;
				GCC_OPTIMIZATION_LEVEL = 0;
				GCC_PREPROCESSOR_DEFINITIONS = (
					"DEBUG=1",
					"$(inherited)",
				);
				GCC_WARN_64_TO_32_BIT_CONVERSION = YES;
				GCC_WARN_ABOUT_RETURN_TYPE = YES_ERROR;
				GCC_WARN_UNDECLARED_SELECTOR = YES;
				GCC_WARN_UNINITIALIZED_AUTOS = YES_AGGRESSIVE;
				GCC_WARN_UNUSED_FUNCTION = YES;
				GCC_WARN_UNUSED_VARIABLE = YES;
				IPHONEOS_DEPLOYMENT_TARGET = 13.6;
				MTL_ENABLE_DEBUG_INFO = INCLUDE_SOURCE;
				MTL_FAST_MATH = YES;
				ONLY_ACTIVE_ARCH = YES;
				SDKROOT = iphoneos;
				SWIFT_ACTIVE_COMPILATION_CONDITIONS = DEBUG;
				SWIFT_OPTIMIZATION_LEVEL = "-Onone";
			};
			name = Debug;
		};
		22EF1FB524F7172900DE3A53 /* Release */ = {
			isa = XCBuildConfiguration;
			buildSettings = {
				ALWAYS_SEARCH_USER_PATHS = NO;
				CLANG_ANALYZER_NONNULL = YES;
				CLANG_ANALYZER_NUMBER_OBJECT_CONVERSION = YES_AGGRESSIVE;
				CLANG_CXX_LANGUAGE_STANDARD = "gnu++14";
				CLANG_CXX_LIBRARY = "libc++";
				CLANG_ENABLE_MODULES = YES;
				CLANG_ENABLE_OBJC_ARC = YES;
				CLANG_ENABLE_OBJC_WEAK = YES;
				CLANG_WARN_BLOCK_CAPTURE_AUTORELEASING = YES;
				CLANG_WARN_BOOL_CONVERSION = YES;
				CLANG_WARN_COMMA = YES;
				CLANG_WARN_CONSTANT_CONVERSION = YES;
				CLANG_WARN_DEPRECATED_OBJC_IMPLEMENTATIONS = YES;
				CLANG_WARN_DIRECT_OBJC_ISA_USAGE = YES_ERROR;
				CLANG_WARN_DOCUMENTATION_COMMENTS = YES;
				CLANG_WARN_EMPTY_BODY = YES;
				CLANG_WARN_ENUM_CONVERSION = YES;
				CLANG_WARN_INFINITE_RECURSION = YES;
				CLANG_WARN_INT_CONVERSION = YES;
				CLANG_WARN_NON_LITERAL_NULL_CONVERSION = YES;
				CLANG_WARN_OBJC_IMPLICIT_RETAIN_SELF = YES;
				CLANG_WARN_OBJC_LITERAL_CONVERSION = YES;
				CLANG_WARN_OBJC_ROOT_CLASS = YES_ERROR;
				CLANG_WARN_RANGE_LOOP_ANALYSIS = YES;
				CLANG_WARN_STRICT_PROTOTYPES = YES;
				CLANG_WARN_SUSPICIOUS_MOVE = YES;
				CLANG_WARN_UNGUARDED_AVAILABILITY = YES_AGGRESSIVE;
				CLANG_WARN_UNREACHABLE_CODE = YES;
				CLANG_WARN__DUPLICATE_METHOD_MATCH = YES;
				COPY_PHASE_STRIP = NO;
				DEBUG_INFORMATION_FORMAT = "dwarf-with-dsym";
				ENABLE_NS_ASSERTIONS = NO;
				ENABLE_STRICT_OBJC_MSGSEND = YES;
				GCC_C_LANGUAGE_STANDARD = gnu11;
				GCC_NO_COMMON_BLOCKS = YES;
				GCC_WARN_64_TO_32_BIT_CONVERSION = YES;
				GCC_WARN_ABOUT_RETURN_TYPE = YES_ERROR;
				GCC_WARN_UNDECLARED_SELECTOR = YES;
				GCC_WARN_UNINITIALIZED_AUTOS = YES_AGGRESSIVE;
				GCC_WARN_UNUSED_FUNCTION = YES;
				GCC_WARN_UNUSED_VARIABLE = YES;
				IPHONEOS_DEPLOYMENT_TARGET = 13.6;
				MTL_ENABLE_DEBUG_INFO = NO;
				MTL_FAST_MATH = YES;
				SDKROOT = iphoneos;
				SWIFT_COMPILATION_MODE = wholemodule;
				SWIFT_OPTIMIZATION_LEVEL = "-O";
				VALIDATE_PRODUCT = YES;
			};
			name = Release;
		};
		22EF1FB724F7172900DE3A53 /* Debug */ = {
			isa = XCBuildConfiguration;
			buildSettings = {
				ASSETCATALOG_COMPILER_APPICON_NAME = AppIcon;
				CODE_SIGN_STYLE = Automatic;
				INFOPLIST_FILE = MoviesLib/Info.plist;
				LD_RUNPATH_SEARCH_PATHS = (
					"$(inherited)",
					"@executable_path/Frameworks",
				);
				PRODUCT_BUNDLE_IDENTIFIER = br.com.devboost.MoviesLib;
				PRODUCT_NAME = "$(TARGET_NAME)";
				SWIFT_VERSION = 5.0;
				TARGETED_DEVICE_FAMILY = "1,2";
			};
			name = Debug;
		};
		22EF1FB824F7172900DE3A53 /* Release */ = {
			isa = XCBuildConfiguration;
			buildSettings = {
				ASSETCATALOG_COMPILER_APPICON_NAME = AppIcon;
				CODE_SIGN_STYLE = Automatic;
				INFOPLIST_FILE = MoviesLib/Info.plist;
				LD_RUNPATH_SEARCH_PATHS = (
					"$(inherited)",
					"@executable_path/Frameworks",
				);
				PRODUCT_BUNDLE_IDENTIFIER = br.com.devboost.MoviesLib;
				PRODUCT_NAME = "$(TARGET_NAME)";
				SWIFT_VERSION = 5.0;
				TARGETED_DEVICE_FAMILY = "1,2";
			};
			name = Release;
		};
/* End XCBuildConfiguration section */

/* Begin XCConfigurationList section */
		22EF1F9D24F7172800DE3A53 /* Build configuration list for PBXProject "MoviesLib" */ = {
			isa = XCConfigurationList;
			buildConfigurations = (
				22EF1FB424F7172900DE3A53 /* Debug */,
				22EF1FB524F7172900DE3A53 /* Release */,
			);
			defaultConfigurationIsVisible = 0;
			defaultConfigurationName = Release;
		};
		22EF1FB624F7172900DE3A53 /* Build configuration list for PBXNativeTarget "MoviesLib" */ = {
			isa = XCConfigurationList;
			buildConfigurations = (
				22EF1FB724F7172900DE3A53 /* Debug */,
				22EF1FB824F7172900DE3A53 /* Release */,
			);
			defaultConfigurationIsVisible = 0;
			defaultConfigurationName = Release;
		};
/* End XCConfigurationList section */

/* Begin XCVersionGroup section */
		22CBBD1C24FAA586006F7E2F /* MoviesLib.xcdatamodeld */ = {
			isa = XCVersionGroup;
			children = (
				22CBBD1D24FAA586006F7E2F /* MoviesLib.xcdatamodel */,
			);
			currentVersion = 22CBBD1D24FAA586006F7E2F /* MoviesLib.xcdatamodel */;
			path = MoviesLib.xcdatamodeld;
			sourceTree = "<group>";
			versionGroupType = wrapper.xcdatamodel;
		};
/* End XCVersionGroup section */
	};
	rootObject = 22EF1F9A24F7172800DE3A53 /* Project object */;
}
